<?xml version="1.0" encoding="utf-8"?>
<Project ToolsVersion="4.0" xmlns="http://schemas.microsoft.com/developer/msbuild/2003">
  <ItemGroup>
    <Filter Include="Source Files">
      <UniqueIdentifier>{4FC737F1-C7A5-4376-A066-2A32D752A2FF}</UniqueIdentifier>
      <Extensions>cpp;cxx;c;def</Extensions>
    </Filter>
    <Filter Include="Resource Files">
      <UniqueIdentifier>{D9D6E242-F8AF-46E4-B9FD-80ECBC20BA3E}</UniqueIdentifier>
      <Extensions>qrc;*</Extensions>
      <ParseFiles>false</ParseFiles>
    </Filter>
    <Filter Include="Generated Files">
      <UniqueIdentifier>{71ED8ED8-ACB9-4CE9-BBE1-E00B30144E11}</UniqueIdentifier>
      <Extensions>moc;h;cpp</Extensions>
      <SourceControlFiles>False</SourceControlFiles>
    </Filter>
    <Filter Include="Header Files">
      <UniqueIdentifier>{93995380-89BD-4b04-88EB-625FBE52EBFB}</UniqueIdentifier>
      <Extensions>h</Extensions>
    </Filter>
    <Filter Include="CUDA">
      <UniqueIdentifier>{3369a94e-8cb3-4c93-a3b3-be8be71e3bff}</UniqueIdentifier>
    </Filter>
  </ItemGroup>
  <ItemGroup>
    <ClCompile Include="TW_MemManager.cpp">
      <Filter>Source Files</Filter>
    </ClCompile>
    <ClCompile Include="TW_StopWatch.cpp">
      <Filter>Source Files</Filter>
    </ClCompile>
    <ClCompile Include="TW_paDIC_FFTCC2D.cpp">
      <Filter>Source Files</Filter>
    </ClCompile>
    <ClCompile Include="TW_utils.cpp">
      <Filter>Source Files</Filter>
    </ClCompile>
    <ClCompile Include="TW_Concurrent_Buffer.cpp">
      <Filter>Source Files</Filter>
    </ClCompile>
    <ClCompile Include="SharedImageBuffer.cpp">
      <Filter>Source Files</Filter>
    </ClCompile>
    <ClCompile Include="TW_MatToQImage.cpp">
      <Filter>Source Files</Filter>
    </ClCompile>
    <ClCompile Include="TW_ICGN2D.cpp">
      <Filter>Source Files</Filter>
    </ClCompile>
    <ClCompile Include="TW_paDIC_ICGN2D.cpp">
      <Filter>Source Files</Filter>
    </ClCompile>
    <ClCompile Include="TW_paDIC_ICGN2D_CPU.cpp">
      <Filter>Source Files</Filter>
    </ClCompile>
    <ClCompile Include="TW_paDIC.cpp">
      <Filter>Source Files</Filter>
    </ClCompile>
    <ClCompile Include="TW_paDIC_FFTCC2D_CPU.cpp">
      <Filter>Source Files</Filter>
    </ClCompile>
  </ItemGroup>
  <ItemGroup>
    <CudaCompile Include="TW_cuUtils.cu">
      <Filter>CUDA</Filter>
    </CudaCompile>
    <CudaCompile Include="TW_paDIC_cuFFTCC2D.cu">
      <Filter>CUDA</Filter>
    </CudaCompile>
    <CudaCompile Include="TW_cuTempUtils.cu">
      <Filter>CUDA</Filter>
    </CudaCompile>
    <CudaCompile Include="TW_paDIC_cuICGN2D.cu">
      <Filter>CUDA</Filter>
    </CudaCompile>
  </ItemGroup>
  <ItemGroup>
    <CustomBuild Include="helper_cuda.h">
      <Filter>Header Files</Filter>
    </CustomBuild>
    <CustomBuild Include="SharedImageBuffer.h">
      <Filter>Header Files</Filter>
    </CustomBuild>
    <CustomBuild Include="TW.h">
      <Filter>Header Files</Filter>
    </CustomBuild>
    <CustomBuild Include="TW_Concurrent_Buffer.h">
      <Filter>Header Files</Filter>
    </CustomBuild>
    <CustomBuild Include="TW_cuTempUtils.h">
      <Filter>Header Files</Filter>
    </CustomBuild>
    <CustomBuild Include="TW_ICGN2D.h">
      <Filter>Header Files</Filter>
    </CustomBuild>
    <CustomBuild Include="TW_MatToQImage.h">
      <Filter>Header Files</Filter>
    </CustomBuild>
    <CustomBuild Include="TW_paDIC.h">
      <Filter>Header Files</Filter>
    </CustomBuild>
    <CustomBuild Include="TW_paDIC_cuFFTCC2D.h">
      <Filter>Header Files</Filter>
    </CustomBuild>
    <CustomBuild Include="TW_paDIC_cuICGN2D.h">
      <Filter>Header Files</Filter>
    </CustomBuild>
    <CustomBuild Include="TW_paDIC_FFTCC2D.h">
      <Filter>Header Files</Filter>
    </CustomBuild>
    <CustomBuild Include="TW_MemManager.h">
      <Filter>Header Files</Filter>
    </CustomBuild>
    <CustomBuild Include="TW_paDIC_FFTCC2D_CPU.h">
      <Filter>Header Files</Filter>
    </CustomBuild>
    <CustomBuild Include="TW_paDIC_ICGN2D.h">
      <Filter>Header Files</Filter>
    </CustomBuild>
    <CustomBuild Include="TW_paDIC_ICGN2D_CPU.h">
      <Filter>Header Files</Filter>
    </CustomBuild>
    <CustomBuild Include="TW_StopWatch.h">
      <Filter>Header Files</Filter>
    </CustomBuild>
    <CustomBuild Include="TW_utils.h">
      <Filter>Header Files</Filter>
    </CustomBuild>
  </ItemGroup>
</Project>